
Microsoft Visual Studio Solution File, Format Version 12.00
# Visual Studio 15
VisualStudioVersion = 15.0.26403.7
MinimumVisualStudioVersion = 10.0.40219.1
Project("{FAE04EC0-301F-11D3-BF4B-00C04F79EFBC}") = "CTP", "CTP\CTP.csproj", "{13A45C13-3265-47B8-BC48-A553B569DF55}"
EndProject
Project("{FAE04EC0-301F-11D3-BF4B-00C04F79EFBC}") = "Assembly-CSharp", "C:\Users\Alex\Desktop\Everything\UNI 2017\3001ICT Y1\CTP\TEST\GeneratedProjects\UWP\Assembly-CSharp\Assembly-CSharp.csproj", "{D9CF2B62-EFA3-46E9-97F3-2CFD64FA99A1}"
EndProject
Project("{FAE04EC0-301F-11D3-BF4B-00C04F79EFBC}") = "Assembly-CSharp-firstpass", "C:\Users\Alex\Desktop\Everything\UNI 2017\3001ICT Y1\CTP\TEST\GeneratedProjects\UWP\Assembly-CSharp-firstpass\Assembly-CSharp-firstpass.csproj", "{BB9CCB18-3CEC-4C1E-B8FE-ACE843CE33EE}"
EndProject
Global
	GlobalSection(SolutionConfigurationPlatforms) = preSolution
		Debug|ARM = Debug|ARM
		Debug|x64 = Debug|x64
		Debug|x86 = Debug|x86
		Master|ARM = Master|ARM
		Master|x64 = Master|x64
		Master|x86 = Master|x86
		Release|ARM = Release|ARM
		Release|x64 = Release|x64
		Release|x86 = Release|x86
	EndGlobalSection
	GlobalSection(ProjectConfigurationPlatforms) = postSolution
		{13A45C13-3265-47B8-BC48-A553B569DF55}.Debug|ARM.ActiveCfg = Debug|ARM
		{13A45C13-3265-47B8-BC48-A553B569DF55}.Debug|ARM.Build.0 = Debug|ARM
		{13A45C13-3265-47B8-BC48-A553B569DF55}.Debug|ARM.Deploy.0 = Debug|ARM
		{13A45C13-3265-47B8-BC48-A553B569DF55}.Debug|x64.ActiveCfg = Debug|x64
		{13A45C13-3265-47B8-BC48-A553B569DF55}.Debug|x64.Build.0 = Debug|x64
		{13A45C13-3265-47B8-BC48-A553B569DF55}.Debug|x64.Deploy.0 = Debug|x64
		{13A45C13-3265-47B8-BC48-A553B569DF55}.Debug|x86.ActiveCfg = Debug|x86
		{13A45C13-3265-47B8-BC48-A553B569DF55}.Debug|x86.Build.0 = Debug|x86
		{13A45C13-3265-47B8-BC48-A553B569DF55}.Debug|x86.Deploy.0 = Debug|x86
		{13A45C13-3265-47B8-BC48-A553B569DF55}.Master|ARM.ActiveCfg = Master|ARM
		{13A45C13-3265-47B8-BC48-A553B569DF55}.Master|ARM.Build.0 = Master|ARM
		{13A45C13-3265-47B8-BC48-A553B569DF55}.Master|ARM.Deploy.0 = Master|ARM
		{13A45C13-3265-47B8-BC48-A553B569DF55}.Master|x64.ActiveCfg = Master|x64
		{13A45C13-3265-47B8-BC48-A553B569DF55}.Master|x64.Build.0 = Master|x64
		{13A45C13-3265-47B8-BC48-A553B569DF55}.Master|x64.Deploy.0 = Master|x64
		{13A45C13-3265-47B8-BC48-A553B569DF55}.Master|x86.ActiveCfg = Master|x86
		{13A45C13-3265-47B8-BC48-A553B569DF55}.Master|x86.Build.0 = Master|x86
		{13A45C13-3265-47B8-BC48-A553B569DF55}.Master|x86.Deploy.0 = Master|x86
		{13A45C13-3265-47B8-BC48-A553B569DF55}.Release|ARM.ActiveCfg = Release|ARM
		{13A45C13-3265-47B8-BC48-A553B569DF55}.Release|ARM.Build.0 = Release|ARM
		{13A45C13-3265-47B8-BC48-A553B569DF55}.Release|ARM.Deploy.0 = Release|ARM
		{13A45C13-3265-47B8-BC48-A553B569DF55}.Release|x64.ActiveCfg = Release|x64
		{13A45C13-3265-47B8-BC48-A553B569DF55}.Release|x64.Build.0 = Release|x64
		{13A45C13-3265-47B8-BC48-A553B569DF55}.Release|x64.Deploy.0 = Release|x64
		{13A45C13-3265-47B8-BC48-A553B569DF55}.Release|x86.ActiveCfg = Release|x86
		{13A45C13-3265-47B8-BC48-A553B569DF55}.Release|x86.Build.0 = Release|x86
		{13A45C13-3265-47B8-BC48-A553B569DF55}.Release|x86.Deploy.0 = Release|x86
		{D9CF2B62-EFA3-46E9-97F3-2CFD64FA99A1}.Debug|ARM.ActiveCfg = Debug|ARM
		{D9CF2B62-EFA3-46E9-97F3-2CFD64FA99A1}.Debug|ARM.Build.0 = Debug|ARM
		{D9CF2B62-EFA3-46E9-97F3-2CFD64FA99A1}.Debug|x64.ActiveCfg = Debug|x64
		{D9CF2B62-EFA3-46E9-97F3-2CFD64FA99A1}.Debug|x64.Build.0 = Debug|x64
		{D9CF2B62-EFA3-46E9-97F3-2CFD64FA99A1}.Debug|x86.ActiveCfg = Debug|x86
		{D9CF2B62-EFA3-46E9-97F3-2CFD64FA99A1}.Debug|x86.Build.0 = Debug|x86
		{D9CF2B62-EFA3-46E9-97F3-2CFD64FA99A1}.Master|ARM.ActiveCfg = Master|ARM
		{D9CF2B62-EFA3-46E9-97F3-2CFD64FA99A1}.Master|ARM.Build.0 = Master|ARM
		{D9CF2B62-EFA3-46E9-97F3-2CFD64FA99A1}.Master|x64.ActiveCfg = Master|x64
		{D9CF2B62-EFA3-46E9-97F3-2CFD64FA99A1}.Master|x64.Build.0 = Master|x64
		{D9CF2B62-EFA3-46E9-97F3-2CFD64FA99A1}.Master|x86.ActiveCfg = Master|x86
		{D9CF2B62-EFA3-46E9-97F3-2CFD64FA99A1}.Master|x86.Build.0 = Master|x86
		{D9CF2B62-EFA3-46E9-97F3-2CFD64FA99A1}.Release|ARM.ActiveCfg = Release|ARM
		{D9CF2B62-EFA3-46E9-97F3-2CFD64FA99A1}.Release|ARM.Build.0 = Release|ARM
		{D9CF2B62-EFA3-46E9-97F3-2CFD64FA99A1}.Release|x64.ActiveCfg = Release|x64
		{D9CF2B62-EFA3-46E9-97F3-2CFD64FA99A1}.Release|x64.Build.0 = Release|x64
		{D9CF2B62-EFA3-46E9-97F3-2CFD64FA99A1}.Release|x86.ActiveCfg = Release|x86
		{D9CF2B62-EFA3-46E9-97F3-2CFD64FA99A1}.Release|x86.Build.0 = Release|x86
		{BB9CCB18-3CEC-4C1E-B8FE-ACE843CE33EE}.Debug|ARM.ActiveCfg = Debug|ARM
		{BB9CCB18-3CEC-4C1E-B8FE-ACE843CE33EE}.Debug|ARM.Build.0 = Debug|ARM
		{BB9CCB18-3CEC-4C1E-B8FE-ACE843CE33EE}.Debug|x64.ActiveCfg = Debug|x64
		{BB9CCB18-3CEC-4C1E-B8FE-ACE843CE33EE}.Debug|x64.Build.0 = Debug|x64
		{BB9CCB18-3CEC-4C1E-B8FE-ACE843CE33EE}.Debug|x86.ActiveCfg = Debug|x86
		{BB9CCB18-3CEC-4C1E-B8FE-ACE843CE33EE}.Debug|x86.Build.0 = Debug|x86
		{BB9CCB18-3CEC-4C1E-B8FE-ACE843CE33EE}.Master|ARM.ActiveCfg = Master|ARM
		{BB9CCB18-3CEC-4C1E-B8FE-ACE843CE33EE}.Master|ARM.Build.0 = Master|ARM
		{BB9CCB18-3CEC-4C1E-B8FE-ACE843CE33EE}.Master|x64.ActiveCfg = Master|x64
		{BB9CCB18-3CEC-4C1E-B8FE-ACE843CE33EE}.Master|x64.Build.0 = Master|x64
		{BB9CCB18-3CEC-4C1E-B8FE-ACE843CE33EE}.Master|x86.ActiveCfg = Master|x86
		{BB9CCB18-3CEC-4C1E-B8FE-ACE843CE33EE}.Master|x86.Build.0 = Master|x86
		{BB9CCB18-3CEC-4C1E-B8FE-ACE843CE33EE}.Release|ARM.ActiveCfg = Release|ARM
		{BB9CCB18-3CEC-4C1E-B8FE-ACE843CE33EE}.Release|ARM.Build.0 = Release|ARM
		{BB9CCB18-3CEC-4C1E-B8FE-ACE843CE33EE}.Release|x64.ActiveCfg = Release|x64
		{BB9CCB18-3CEC-4C1E-B8FE-ACE843CE33EE}.Release|x64.Build.0 = Release|x64
		{BB9CCB18-3CEC-4C1E-B8FE-ACE843CE33EE}.Release|x86.ActiveCfg = Release|x86
		{BB9CCB18-3CEC-4C1E-B8FE-ACE843CE33EE}.Release|x86.Build.0 = Release|x86
	EndGlobalSection
	GlobalSection(SolutionProperties) = preSolution
		HideSolutionNode = FALSE
	EndGlobalSection
EndGlobal
