
Microsoft Visual Studio Solution File, Format Version 12.00
# Visual Studio 15
VisualStudioVersion = 15.0.26403.7
MinimumVisualStudioVersion = 10.0.40219.1
Project("{FAE04EC0-301F-11D3-BF4B-00C04F79EFBC}") = "CTP", "CTP\CTP.csproj", "{13A45C13-3265-47B8-BC48-A553B569DF55}"
EndProject
Project("{FAE04EC0-301F-11D3-BF4B-00C04F79EFBC}") = "Assembly-CSharp", "C:\Users\Alex\Desktop\Everything\UNI 2017\3001ICT Y1\Common Time Playbox\CTP\App\GeneratedProjects\UWP\Assembly-CSharp\Assembly-CSharp.csproj", "{D5707C74-8511-4F4C-BEB6-3520784F5E82}"
EndProject
Project("{FAE04EC0-301F-11D3-BF4B-00C04F79EFBC}") = "Assembly-CSharp-firstpass", "C:\Users\Alex\Desktop\Everything\UNI 2017\3001ICT Y1\Common Time Playbox\CTP\App\GeneratedProjects\UWP\Assembly-CSharp-firstpass\Assembly-CSharp-firstpass.csproj", "{DB336079-63DA-47DA-9FF8-B86D4B1CFE56}"
EndProject
Global
	GlobalSection(SolutionConfigurationPlatforms) = preSolution
		Debug|ARM = Debug|ARM
		Debug|x64 = Debug|x64
		Debug|x86 = Debug|x86
		Master|ARM = Master|ARM
		Master|x64 = Master|x64
		Master|x86 = Master|x86
		Release|ARM = Release|ARM
		Release|x64 = Release|x64
		Release|x86 = Release|x86
	EndGlobalSection
	GlobalSection(ProjectConfigurationPlatforms) = postSolution
		{13A45C13-3265-47B8-BC48-A553B569DF55}.Debug|ARM.ActiveCfg = Debug|ARM
		{13A45C13-3265-47B8-BC48-A553B569DF55}.Debug|ARM.Build.0 = Debug|ARM
		{13A45C13-3265-47B8-BC48-A553B569DF55}.Debug|ARM.Deploy.0 = Debug|ARM
		{13A45C13-3265-47B8-BC48-A553B569DF55}.Debug|x64.ActiveCfg = Debug|x64
		{13A45C13-3265-47B8-BC48-A553B569DF55}.Debug|x64.Build.0 = Debug|x64
		{13A45C13-3265-47B8-BC48-A553B569DF55}.Debug|x64.Deploy.0 = Debug|x64
		{13A45C13-3265-47B8-BC48-A553B569DF55}.Debug|x86.ActiveCfg = Debug|x86
		{13A45C13-3265-47B8-BC48-A553B569DF55}.Debug|x86.Build.0 = Debug|x86
		{13A45C13-3265-47B8-BC48-A553B569DF55}.Debug|x86.Deploy.0 = Debug|x86
		{13A45C13-3265-47B8-BC48-A553B569DF55}.Master|ARM.ActiveCfg = Master|ARM
		{13A45C13-3265-47B8-BC48-A553B569DF55}.Master|ARM.Build.0 = Master|ARM
		{13A45C13-3265-47B8-BC48-A553B569DF55}.Master|ARM.Deploy.0 = Master|ARM
		{13A45C13-3265-47B8-BC48-A553B569DF55}.Master|x64.ActiveCfg = Master|x64
		{13A45C13-3265-47B8-BC48-A553B569DF55}.Master|x64.Build.0 = Master|x64
		{13A45C13-3265-47B8-BC48-A553B569DF55}.Master|x64.Deploy.0 = Master|x64
		{13A45C13-3265-47B8-BC48-A553B569DF55}.Master|x86.ActiveCfg = Master|x86
		{13A45C13-3265-47B8-BC48-A553B569DF55}.Master|x86.Build.0 = Master|x86
		{13A45C13-3265-47B8-BC48-A553B569DF55}.Master|x86.Deploy.0 = Master|x86
		{13A45C13-3265-47B8-BC48-A553B569DF55}.Release|ARM.ActiveCfg = Release|ARM
		{13A45C13-3265-47B8-BC48-A553B569DF55}.Release|ARM.Build.0 = Release|ARM
		{13A45C13-3265-47B8-BC48-A553B569DF55}.Release|ARM.Deploy.0 = Release|ARM
		{13A45C13-3265-47B8-BC48-A553B569DF55}.Release|x64.ActiveCfg = Release|x64
		{13A45C13-3265-47B8-BC48-A553B569DF55}.Release|x64.Build.0 = Release|x64
		{13A45C13-3265-47B8-BC48-A553B569DF55}.Release|x64.Deploy.0 = Release|x64
		{13A45C13-3265-47B8-BC48-A553B569DF55}.Release|x86.ActiveCfg = Release|x86
		{13A45C13-3265-47B8-BC48-A553B569DF55}.Release|x86.Build.0 = Release|x86
		{13A45C13-3265-47B8-BC48-A553B569DF55}.Release|x86.Deploy.0 = Release|x86
		{D5707C74-8511-4F4C-BEB6-3520784F5E82}.Debug|ARM.ActiveCfg = Debug|ARM
		{D5707C74-8511-4F4C-BEB6-3520784F5E82}.Debug|ARM.Build.0 = Debug|ARM
		{D5707C74-8511-4F4C-BEB6-3520784F5E82}.Debug|x64.ActiveCfg = Debug|x64
		{D5707C74-8511-4F4C-BEB6-3520784F5E82}.Debug|x64.Build.0 = Debug|x64
		{D5707C74-8511-4F4C-BEB6-3520784F5E82}.Debug|x86.ActiveCfg = Debug|x86
		{D5707C74-8511-4F4C-BEB6-3520784F5E82}.Debug|x86.Build.0 = Debug|x86
		{D5707C74-8511-4F4C-BEB6-3520784F5E82}.Master|ARM.ActiveCfg = Master|ARM
		{D5707C74-8511-4F4C-BEB6-3520784F5E82}.Master|ARM.Build.0 = Master|ARM
		{D5707C74-8511-4F4C-BEB6-3520784F5E82}.Master|x64.ActiveCfg = Master|x64
		{D5707C74-8511-4F4C-BEB6-3520784F5E82}.Master|x64.Build.0 = Master|x64
		{D5707C74-8511-4F4C-BEB6-3520784F5E82}.Master|x86.ActiveCfg = Master|x86
		{D5707C74-8511-4F4C-BEB6-3520784F5E82}.Master|x86.Build.0 = Master|x86
		{D5707C74-8511-4F4C-BEB6-3520784F5E82}.Release|ARM.ActiveCfg = Release|ARM
		{D5707C74-8511-4F4C-BEB6-3520784F5E82}.Release|ARM.Build.0 = Release|ARM
		{D5707C74-8511-4F4C-BEB6-3520784F5E82}.Release|x64.ActiveCfg = Release|x64
		{D5707C74-8511-4F4C-BEB6-3520784F5E82}.Release|x64.Build.0 = Release|x64
		{D5707C74-8511-4F4C-BEB6-3520784F5E82}.Release|x86.ActiveCfg = Release|x86
		{D5707C74-8511-4F4C-BEB6-3520784F5E82}.Release|x86.Build.0 = Release|x86
		{DB336079-63DA-47DA-9FF8-B86D4B1CFE56}.Debug|ARM.ActiveCfg = Debug|ARM
		{DB336079-63DA-47DA-9FF8-B86D4B1CFE56}.Debug|ARM.Build.0 = Debug|ARM
		{DB336079-63DA-47DA-9FF8-B86D4B1CFE56}.Debug|x64.ActiveCfg = Debug|x64
		{DB336079-63DA-47DA-9FF8-B86D4B1CFE56}.Debug|x64.Build.0 = Debug|x64
		{DB336079-63DA-47DA-9FF8-B86D4B1CFE56}.Debug|x86.ActiveCfg = Debug|x86
		{DB336079-63DA-47DA-9FF8-B86D4B1CFE56}.Debug|x86.Build.0 = Debug|x86
		{DB336079-63DA-47DA-9FF8-B86D4B1CFE56}.Master|ARM.ActiveCfg = Master|ARM
		{DB336079-63DA-47DA-9FF8-B86D4B1CFE56}.Master|ARM.Build.0 = Master|ARM
		{DB336079-63DA-47DA-9FF8-B86D4B1CFE56}.Master|x64.ActiveCfg = Master|x64
		{DB336079-63DA-47DA-9FF8-B86D4B1CFE56}.Master|x64.Build.0 = Master|x64
		{DB336079-63DA-47DA-9FF8-B86D4B1CFE56}.Master|x86.ActiveCfg = Master|x86
		{DB336079-63DA-47DA-9FF8-B86D4B1CFE56}.Master|x86.Build.0 = Master|x86
		{DB336079-63DA-47DA-9FF8-B86D4B1CFE56}.Release|ARM.ActiveCfg = Release|ARM
		{DB336079-63DA-47DA-9FF8-B86D4B1CFE56}.Release|ARM.Build.0 = Release|ARM
		{DB336079-63DA-47DA-9FF8-B86D4B1CFE56}.Release|x64.ActiveCfg = Release|x64
		{DB336079-63DA-47DA-9FF8-B86D4B1CFE56}.Release|x64.Build.0 = Release|x64
		{DB336079-63DA-47DA-9FF8-B86D4B1CFE56}.Release|x86.ActiveCfg = Release|x86
		{DB336079-63DA-47DA-9FF8-B86D4B1CFE56}.Release|x86.Build.0 = Release|x86
	EndGlobalSection
	GlobalSection(SolutionProperties) = preSolution
		HideSolutionNode = FALSE
	EndGlobalSection
EndGlobal
